
Microsoft Visual Studio Solution File, Format Version 12.00
# Visual Studio Version 18
VisualStudioVersion = 18.0.11222.15 d18.0
MinimumVisualStudioVersion = 10.0.40219.1
Project("{FAE04EC0-301F-11D3-BF4B-00C04F79EFBC}") = "HybridXPF", "src\HybridXPF\HybridXPF.csproj", "{C90CB78B-26ED-49FC-BA44-19724EB9D5FC}"
EndProject
Project("{FAE04EC0-301F-11D3-BF4B-00C04F79EFBC}") = "WpfCalculator", "src\WpfCalculator\WpfCalculator.csproj", "{DE952C9A-C2A6-40DF-B86E-4E1327BE03EC}"
EndProject
Project("{FAE04EC0-301F-11D3-BF4B-00C04F79EFBC}") = "DevExpressApp", "src\DevExpressApp\DevExpressApp.csproj", "{67FD421A-24AC-4310-A1F5-2EC0156BE528}"
EndProject
Project("{FAE04EC0-301F-11D3-BF4B-00C04F79EFBC}") = "XpfPrintingSample", "src\XpfPrintingSample\XpfPrintingSample.csproj", "{7103579B-3CBD-43D6-9E34-AF34671F50C9}"
EndProject
Project("{FAE04EC0-301F-11D3-BF4B-00C04F79EFBC}") = "SyncfusionApp", "src\SyncfusionApp\SyncfusionApp.csproj", "{71C0315E-D30F-4B4A-8C87-9317F56E7EF5}"
EndProject
Project("{FAE04EC0-301F-11D3-BF4B-00C04F79EFBC}") = "ActiproApp", "src\ActiproApp\ActiproApp.csproj", "{7B65AF8A-C7DE-47F4-9B11-2DA742306F30}"
EndProject
Project("{FAE04EC0-301F-11D3-BF4B-00C04F79EFBC}") = "MenuTrayIconSample", "src\MenuTrayIconSample\MenuTrayIconSample.csproj", "{8733F325-66E0-4143-A3D5-A7E67C9658CC}"
EndProject
Project("{FAE04EC0-301F-11D3-BF4B-00C04F79EFBC}") = "InfragisticsApp", "src\InfragisticsApp\InfragisticsApp.csproj", "{B96EEFA3-49D2-4F7B-8D60-8A86F31F242F}"
EndProject
Project("{FAE04EC0-301F-11D3-BF4B-00C04F79EFBC}") = "TelerikApp", "src\TelerikApp\TelerikApp.csproj", "{5EB5DB16-5D81-4EC6-8D2A-91DFCC63EEB0}"
EndProject
Project("{FAE04EC0-301F-11D3-BF4B-00C04F79EFBC}") = "XpfDotNetBrowserApp", "src\XpfDotNetBrowserApp\XpfDotNetBrowserApp.csproj", "{0E0B1F78-FBE3-4D48-A648-5F7AEC67F399}"
EndProject
Project("{FAE04EC0-301F-11D3-BF4B-00C04F79EFBC}") = "PdfPreviewSample", "src\PdfPreviewSample\PdfPreviewSample.csproj", "{AA584A56-6734-4C43-AACE-DF1224797CD2}"
EndProject
Project("{2150E333-8FDC-42A3-9474-1A3956D46DE8}") = "Solution Items", "Solution Items", "{7A7A7296-9807-462E-B6E4-CC16D7F9EFD5}"
	ProjectSection(SolutionItems) = preProject
		NuGet.config = NuGet.config
		readme.md = readme.md
	EndProjectSection
EndProject
Project("{FAE04EC0-301F-11D3-BF4B-00C04F79EFBC}") = "WpfCalculator.Tests", "tests\WpfCalculator.Tests\WpfCalculator.Tests.csproj", "{E4B26BC0-83B3-4ED1-9200-2F3E6E98B093}"
EndProject
Project("{FAE04EC0-301F-11D3-BF4B-00C04F79EFBC}") = "OpenGLSample", "OpenGLSample\OpenGLSample.csproj", "{D098ADAB-68F5-4D37-A5BB-D8E78830902E}"
EndProject
Global
	GlobalSection(SolutionConfigurationPlatforms) = preSolution
		Debug|Any CPU = Debug|Any CPU
		Debug|x64 = Debug|x64
		Debug|x86 = Debug|x86
		Release|Any CPU = Release|Any CPU
		Release|x64 = Release|x64
		Release|x86 = Release|x86
	EndGlobalSection
	GlobalSection(ProjectConfigurationPlatforms) = postSolution
		{C90CB78B-26ED-49FC-BA44-19724EB9D5FC}.Debug|Any CPU.ActiveCfg = Debug|Any CPU
		{C90CB78B-26ED-49FC-BA44-19724EB9D5FC}.Debug|Any CPU.Build.0 = Debug|Any CPU
		{C90CB78B-26ED-49FC-BA44-19724EB9D5FC}.Debug|x64.ActiveCfg = Debug|Any CPU
		{C90CB78B-26ED-49FC-BA44-19724EB9D5FC}.Debug|x64.Build.0 = Debug|Any CPU
		{C90CB78B-26ED-49FC-BA44-19724EB9D5FC}.Debug|x86.ActiveCfg = Debug|Any CPU
		{C90CB78B-26ED-49FC-BA44-19724EB9D5FC}.Debug|x86.Build.0 = Debug|Any CPU
		{C90CB78B-26ED-49FC-BA44-19724EB9D5FC}.Release|Any CPU.ActiveCfg = Release|Any CPU
		{C90CB78B-26ED-49FC-BA44-19724EB9D5FC}.Release|Any CPU.Build.0 = Release|Any CPU
		{C90CB78B-26ED-49FC-BA44-19724EB9D5FC}.Release|x64.ActiveCfg = Release|Any CPU
		{C90CB78B-26ED-49FC-BA44-19724EB9D5FC}.Release|x64.Build.0 = Release|Any CPU
		{C90CB78B-26ED-49FC-BA44-19724EB9D5FC}.Release|x86.ActiveCfg = Release|Any CPU
		{C90CB78B-26ED-49FC-BA44-19724EB9D5FC}.Release|x86.Build.0 = Release|Any CPU
		{DE952C9A-C2A6-40DF-B86E-4E1327BE03EC}.Debug|Any CPU.ActiveCfg = Debug|Any CPU
		{DE952C9A-C2A6-40DF-B86E-4E1327BE03EC}.Debug|Any CPU.Build.0 = Debug|Any CPU
		{DE952C9A-C2A6-40DF-B86E-4E1327BE03EC}.Debug|x64.ActiveCfg = Debug|Any CPU
		{DE952C9A-C2A6-40DF-B86E-4E1327BE03EC}.Debug|x64.Build.0 = Debug|Any CPU
		{DE952C9A-C2A6-40DF-B86E-4E1327BE03EC}.Debug|x86.ActiveCfg = Debug|Any CPU
		{DE952C9A-C2A6-40DF-B86E-4E1327BE03EC}.Debug|x86.Build.0 = Debug|Any CPU
		{DE952C9A-C2A6-40DF-B86E-4E1327BE03EC}.Release|Any CPU.ActiveCfg = Release|Any CPU
		{DE952C9A-C2A6-40DF-B86E-4E1327BE03EC}.Release|Any CPU.Build.0 = Release|Any CPU
		{DE952C9A-C2A6-40DF-B86E-4E1327BE03EC}.Release|x64.ActiveCfg = Release|Any CPU
		{DE952C9A-C2A6-40DF-B86E-4E1327BE03EC}.Release|x64.Build.0 = Release|Any CPU
		{DE952C9A-C2A6-40DF-B86E-4E1327BE03EC}.Release|x86.ActiveCfg = Release|Any CPU
		{DE952C9A-C2A6-40DF-B86E-4E1327BE03EC}.Release|x86.Build.0 = Release|Any CPU
		{67FD421A-24AC-4310-A1F5-2EC0156BE528}.Debug|Any CPU.ActiveCfg = Debug|Any CPU
		{67FD421A-24AC-4310-A1F5-2EC0156BE528}.Debug|Any CPU.Build.0 = Debug|Any CPU
		{67FD421A-24AC-4310-A1F5-2EC0156BE528}.Debug|x64.ActiveCfg = Debug|Any CPU
		{67FD421A-24AC-4310-A1F5-2EC0156BE528}.Debug|x64.Build.0 = Debug|Any CPU
		{67FD421A-24AC-4310-A1F5-2EC0156BE528}.Debug|x86.ActiveCfg = Debug|Any CPU
		{67FD421A-24AC-4310-A1F5-2EC0156BE528}.Debug|x86.Build.0 = Debug|Any CPU
		{67FD421A-24AC-4310-A1F5-2EC0156BE528}.Release|Any CPU.ActiveCfg = Release|Any CPU
		{67FD421A-24AC-4310-A1F5-2EC0156BE528}.Release|Any CPU.Build.0 = Release|Any CPU
		{67FD421A-24AC-4310-A1F5-2EC0156BE528}.Release|x64.ActiveCfg = Release|Any CPU
		{67FD421A-24AC-4310-A1F5-2EC0156BE528}.Release|x64.Build.0 = Release|Any CPU
		{67FD421A-24AC-4310-A1F5-2EC0156BE528}.Release|x86.ActiveCfg = Release|Any CPU
		{67FD421A-24AC-4310-A1F5-2EC0156BE528}.Release|x86.Build.0 = Release|Any CPU
		{7103579B-3CBD-43D6-9E34-AF34671F50C9}.Debug|Any CPU.ActiveCfg = Debug|Any CPU
		{7103579B-3CBD-43D6-9E34-AF34671F50C9}.Debug|Any CPU.Build.0 = Debug|Any CPU
		{7103579B-3CBD-43D6-9E34-AF34671F50C9}.Debug|x64.ActiveCfg = Debug|Any CPU
		{7103579B-3CBD-43D6-9E34-AF34671F50C9}.Debug|x64.Build.0 = Debug|Any CPU
		{7103579B-3CBD-43D6-9E34-AF34671F50C9}.Debug|x86.ActiveCfg = Debug|Any CPU
		{7103579B-3CBD-43D6-9E34-AF34671F50C9}.Debug|x86.Build.0 = Debug|Any CPU
		{7103579B-3CBD-43D6-9E34-AF34671F50C9}.Release|Any CPU.ActiveCfg = Release|Any CPU
		{7103579B-3CBD-43D6-9E34-AF34671F50C9}.Release|Any CPU.Build.0 = Release|Any CPU
		{7103579B-3CBD-43D6-9E34-AF34671F50C9}.Release|x64.ActiveCfg = Release|Any CPU
		{7103579B-3CBD-43D6-9E34-AF34671F50C9}.Release|x64.Build.0 = Release|Any CPU
		{7103579B-3CBD-43D6-9E34-AF34671F50C9}.Release|x86.ActiveCfg = Release|Any CPU
		{7103579B-3CBD-43D6-9E34-AF34671F50C9}.Release|x86.Build.0 = Release|Any CPU
		{71C0315E-D30F-4B4A-8C87-9317F56E7EF5}.Debug|Any CPU.ActiveCfg = Debug|Any CPU
		{71C0315E-D30F-4B4A-8C87-9317F56E7EF5}.Debug|Any CPU.Build.0 = Debug|Any CPU
		{71C0315E-D30F-4B4A-8C87-9317F56E7EF5}.Debug|x64.ActiveCfg = Debug|Any CPU
		{71C0315E-D30F-4B4A-8C87-9317F56E7EF5}.Debug|x64.Build.0 = Debug|Any CPU
		{71C0315E-D30F-4B4A-8C87-9317F56E7EF5}.Debug|x86.ActiveCfg = Debug|Any CPU
		{71C0315E-D30F-4B4A-8C87-9317F56E7EF5}.Debug|x86.Build.0 = Debug|Any CPU
		{71C0315E-D30F-4B4A-8C87-9317F56E7EF5}.Release|Any CPU.ActiveCfg = Release|Any CPU
		{71C0315E-D30F-4B4A-8C87-9317F56E7EF5}.Release|Any CPU.Build.0 = Release|Any CPU
		{71C0315E-D30F-4B4A-8C87-9317F56E7EF5}.Release|x64.ActiveCfg = Release|Any CPU
		{71C0315E-D30F-4B4A-8C87-9317F56E7EF5}.Release|x64.Build.0 = Release|Any CPU
		{71C0315E-D30F-4B4A-8C87-9317F56E7EF5}.Release|x86.ActiveCfg = Release|Any CPU
		{71C0315E-D30F-4B4A-8C87-9317F56E7EF5}.Release|x86.Build.0 = Release|Any CPU
		{7B65AF8A-C7DE-47F4-9B11-2DA742306F30}.Debug|Any CPU.ActiveCfg = Debug|Any CPU
		{7B65AF8A-C7DE-47F4-9B11-2DA742306F30}.Debug|Any CPU.Build.0 = Debug|Any CPU
		{7B65AF8A-C7DE-47F4-9B11-2DA742306F30}.Debug|x64.ActiveCfg = Debug|Any CPU
		{7B65AF8A-C7DE-47F4-9B11-2DA742306F30}.Debug|x64.Build.0 = Debug|Any CPU
		{7B65AF8A-C7DE-47F4-9B11-2DA742306F30}.Debug|x86.ActiveCfg = Debug|Any CPU
		{7B65AF8A-C7DE-47F4-9B11-2DA742306F30}.Debug|x86.Build.0 = Debug|Any CPU
		{7B65AF8A-C7DE-47F4-9B11-2DA742306F30}.Release|Any CPU.ActiveCfg = Release|Any CPU
		{7B65AF8A-C7DE-47F4-9B11-2DA742306F30}.Release|Any CPU.Build.0 = Release|Any CPU
		{7B65AF8A-C7DE-47F4-9B11-2DA742306F30}.Release|x64.ActiveCfg = Release|Any CPU
		{7B65AF8A-C7DE-47F4-9B11-2DA742306F30}.Release|x64.Build.0 = Release|Any CPU
		{7B65AF8A-C7DE-47F4-9B11-2DA742306F30}.Release|x86.ActiveCfg = Release|Any CPU
		{7B65AF8A-C7DE-47F4-9B11-2DA742306F30}.Release|x86.Build.0 = Release|Any CPU
		{8733F325-66E0-4143-A3D5-A7E67C9658CC}.Debug|Any CPU.ActiveCfg = Debug|Any CPU
		{8733F325-66E0-4143-A3D5-A7E67C9658CC}.Debug|Any CPU.Build.0 = Debug|Any CPU
		{8733F325-66E0-4143-A3D5-A7E67C9658CC}.Debug|x64.ActiveCfg = Debug|Any CPU
		{8733F325-66E0-4143-A3D5-A7E67C9658CC}.Debug|x64.Build.0 = Debug|Any CPU
		{8733F325-66E0-4143-A3D5-A7E67C9658CC}.Debug|x86.ActiveCfg = Debug|Any CPU
		{8733F325-66E0-4143-A3D5-A7E67C9658CC}.Debug|x86.Build.0 = Debug|Any CPU
		{8733F325-66E0-4143-A3D5-A7E67C9658CC}.Release|Any CPU.ActiveCfg = Release|Any CPU
		{8733F325-66E0-4143-A3D5-A7E67C9658CC}.Release|Any CPU.Build.0 = Release|Any CPU
		{8733F325-66E0-4143-A3D5-A7E67C9658CC}.Release|x64.ActiveCfg = Release|Any CPU
		{8733F325-66E0-4143-A3D5-A7E67C9658CC}.Release|x64.Build.0 = Release|Any CPU
		{8733F325-66E0-4143-A3D5-A7E67C9658CC}.Release|x86.ActiveCfg = Release|Any CPU
		{8733F325-66E0-4143-A3D5-A7E67C9658CC}.Release|x86.Build.0 = Release|Any CPU
		{B96EEFA3-49D2-4F7B-8D60-8A86F31F242F}.Debug|Any CPU.ActiveCfg = Debug|Any CPU
		{B96EEFA3-49D2-4F7B-8D60-8A86F31F242F}.Debug|Any CPU.Build.0 = Debug|Any CPU
		{B96EEFA3-49D2-4F7B-8D60-8A86F31F242F}.Debug|x64.ActiveCfg = Debug|Any CPU
		{B96EEFA3-49D2-4F7B-8D60-8A86F31F242F}.Debug|x64.Build.0 = Debug|Any CPU
		{B96EEFA3-49D2-4F7B-8D60-8A86F31F242F}.Debug|x86.ActiveCfg = Debug|Any CPU
		{B96EEFA3-49D2-4F7B-8D60-8A86F31F242F}.Debug|x86.Build.0 = Debug|Any CPU
		{B96EEFA3-49D2-4F7B-8D60-8A86F31F242F}.Release|Any CPU.ActiveCfg = Release|Any CPU
		{B96EEFA3-49D2-4F7B-8D60-8A86F31F242F}.Release|Any CPU.Build.0 = Release|Any CPU
		{B96EEFA3-49D2-4F7B-8D60-8A86F31F242F}.Release|x64.ActiveCfg = Release|Any CPU
		{B96EEFA3-49D2-4F7B-8D60-8A86F31F242F}.Release|x64.Build.0 = Release|Any CPU
		{B96EEFA3-49D2-4F7B-8D60-8A86F31F242F}.Release|x86.ActiveCfg = Release|Any CPU
		{B96EEFA3-49D2-4F7B-8D60-8A86F31F242F}.Release|x86.Build.0 = Release|Any CPU
		{5EB5DB16-5D81-4EC6-8D2A-91DFCC63EEB0}.Debug|Any CPU.ActiveCfg = Debug|Any CPU
		{5EB5DB16-5D81-4EC6-8D2A-91DFCC63EEB0}.Debug|Any CPU.Build.0 = Debug|Any CPU
		{5EB5DB16-5D81-4EC6-8D2A-91DFCC63EEB0}.Debug|x64.ActiveCfg = Debug|Any CPU
		{5EB5DB16-5D81-4EC6-8D2A-91DFCC63EEB0}.Debug|x64.Build.0 = Debug|Any CPU
		{5EB5DB16-5D81-4EC6-8D2A-91DFCC63EEB0}.Debug|x86.ActiveCfg = Debug|Any CPU
		{5EB5DB16-5D81-4EC6-8D2A-91DFCC63EEB0}.Debug|x86.Build.0 = Debug|Any CPU
		{5EB5DB16-5D81-4EC6-8D2A-91DFCC63EEB0}.Release|Any CPU.ActiveCfg = Release|Any CPU
		{5EB5DB16-5D81-4EC6-8D2A-91DFCC63EEB0}.Release|Any CPU.Build.0 = Release|Any CPU
		{5EB5DB16-5D81-4EC6-8D2A-91DFCC63EEB0}.Release|x64.ActiveCfg = Release|Any CPU
		{5EB5DB16-5D81-4EC6-8D2A-91DFCC63EEB0}.Release|x64.Build.0 = Release|Any CPU
		{5EB5DB16-5D81-4EC6-8D2A-91DFCC63EEB0}.Release|x86.ActiveCfg = Release|Any CPU
		{5EB5DB16-5D81-4EC6-8D2A-91DFCC63EEB0}.Release|x86.Build.0 = Release|Any CPU
		{0E0B1F78-FBE3-4D48-A648-5F7AEC67F399}.Debug|Any CPU.ActiveCfg = Debug|Any CPU
		{0E0B1F78-FBE3-4D48-A648-5F7AEC67F399}.Debug|Any CPU.Build.0 = Debug|Any CPU
		{0E0B1F78-FBE3-4D48-A648-5F7AEC67F399}.Debug|x64.ActiveCfg = Debug|Any CPU
		{0E0B1F78-FBE3-4D48-A648-5F7AEC67F399}.Debug|x64.Build.0 = Debug|Any CPU
		{0E0B1F78-FBE3-4D48-A648-5F7AEC67F399}.Debug|x86.ActiveCfg = Debug|Any CPU
		{0E0B1F78-FBE3-4D48-A648-5F7AEC67F399}.Debug|x86.Build.0 = Debug|Any CPU
		{0E0B1F78-FBE3-4D48-A648-5F7AEC67F399}.Release|Any CPU.ActiveCfg = Release|Any CPU
		{0E0B1F78-FBE3-4D48-A648-5F7AEC67F399}.Release|Any CPU.Build.0 = Release|Any CPU
		{0E0B1F78-FBE3-4D48-A648-5F7AEC67F399}.Release|x64.ActiveCfg = Release|Any CPU
		{0E0B1F78-FBE3-4D48-A648-5F7AEC67F399}.Release|x64.Build.0 = Release|Any CPU
		{0E0B1F78-FBE3-4D48-A648-5F7AEC67F399}.Release|x86.ActiveCfg = Release|Any CPU
		{0E0B1F78-FBE3-4D48-A648-5F7AEC67F399}.Release|x86.Build.0 = Release|Any CPU
		{AA584A56-6734-4C43-AACE-DF1224797CD2}.Debug|Any CPU.ActiveCfg = Debug|Any CPU
		{AA584A56-6734-4C43-AACE-DF1224797CD2}.Debug|Any CPU.Build.0 = Debug|Any CPU
		{AA584A56-6734-4C43-AACE-DF1224797CD2}.Debug|x64.ActiveCfg = Debug|Any CPU
		{AA584A56-6734-4C43-AACE-DF1224797CD2}.Debug|x64.Build.0 = Debug|Any CPU
		{AA584A56-6734-4C43-AACE-DF1224797CD2}.Debug|x86.ActiveCfg = Debug|Any CPU
		{AA584A56-6734-4C43-AACE-DF1224797CD2}.Debug|x86.Build.0 = Debug|Any CPU
		{AA584A56-6734-4C43-AACE-DF1224797CD2}.Release|Any CPU.ActiveCfg = Release|Any CPU
		{AA584A56-6734-4C43-AACE-DF1224797CD2}.Release|Any CPU.Build.0 = Release|Any CPU
		{AA584A56-6734-4C43-AACE-DF1224797CD2}.Release|x64.ActiveCfg = Release|Any CPU
		{AA584A56-6734-4C43-AACE-DF1224797CD2}.Release|x64.Build.0 = Release|Any CPU
		{AA584A56-6734-4C43-AACE-DF1224797CD2}.Release|x86.ActiveCfg = Release|Any CPU
		{AA584A56-6734-4C43-AACE-DF1224797CD2}.Release|x86.Build.0 = Release|Any CPU
		{E4B26BC0-83B3-4ED1-9200-2F3E6E98B093}.Debug|Any CPU.ActiveCfg = Debug|Any CPU
		{E4B26BC0-83B3-4ED1-9200-2F3E6E98B093}.Debug|Any CPU.Build.0 = Debug|Any CPU
		{E4B26BC0-83B3-4ED1-9200-2F3E6E98B093}.Debug|x64.ActiveCfg = Debug|Any CPU
		{E4B26BC0-83B3-4ED1-9200-2F3E6E98B093}.Debug|x64.Build.0 = Debug|Any CPU
		{E4B26BC0-83B3-4ED1-9200-2F3E6E98B093}.Debug|x86.ActiveCfg = Debug|Any CPU
		{E4B26BC0-83B3-4ED1-9200-2F3E6E98B093}.Debug|x86.Build.0 = Debug|Any CPU
		{E4B26BC0-83B3-4ED1-9200-2F3E6E98B093}.Release|Any CPU.ActiveCfg = Release|Any CPU
		{E4B26BC0-83B3-4ED1-9200-2F3E6E98B093}.Release|Any CPU.Build.0 = Release|Any CPU
		{E4B26BC0-83B3-4ED1-9200-2F3E6E98B093}.Release|x64.ActiveCfg = Release|Any CPU
		{E4B26BC0-83B3-4ED1-9200-2F3E6E98B093}.Release|x64.Build.0 = Release|Any CPU
		{E4B26BC0-83B3-4ED1-9200-2F3E6E98B093}.Release|x86.ActiveCfg = Release|Any CPU
		{E4B26BC0-83B3-4ED1-9200-2F3E6E98B093}.Release|x86.Build.0 = Release|Any CPU
		{D098ADAB-68F5-4D37-A5BB-D8E78830902E}.Debug|Any CPU.ActiveCfg = Debug|Any CPU
		{D098ADAB-68F5-4D37-A5BB-D8E78830902E}.Debug|Any CPU.Build.0 = Debug|Any CPU
		{D098ADAB-68F5-4D37-A5BB-D8E78830902E}.Debug|x64.ActiveCfg = Debug|Any CPU
		{D098ADAB-68F5-4D37-A5BB-D8E78830902E}.Debug|x64.Build.0 = Debug|Any CPU
		{D098ADAB-68F5-4D37-A5BB-D8E78830902E}.Debug|x86.ActiveCfg = Debug|Any CPU
		{D098ADAB-68F5-4D37-A5BB-D8E78830902E}.Debug|x86.Build.0 = Debug|Any CPU
		{D098ADAB-68F5-4D37-A5BB-D8E78830902E}.Release|Any CPU.ActiveCfg = Release|Any CPU
		{D098ADAB-68F5-4D37-A5BB-D8E78830902E}.Release|Any CPU.Build.0 = Release|Any CPU
		{D098ADAB-68F5-4D37-A5BB-D8E78830902E}.Release|x64.ActiveCfg = Release|Any CPU
		{D098ADAB-68F5-4D37-A5BB-D8E78830902E}.Release|x64.Build.0 = Release|Any CPU
		{D098ADAB-68F5-4D37-A5BB-D8E78830902E}.Release|x86.ActiveCfg = Release|Any CPU
		{D098ADAB-68F5-4D37-A5BB-D8E78830902E}.Release|x86.Build.0 = Release|Any CPU
	EndGlobalSection
	GlobalSection(SolutionProperties) = preSolution
		HideSolutionNode = FALSE
	EndGlobalSection
	GlobalSection(ExtensibilityGlobals) = postSolution
		SolutionGuid = {40FE4FFD-4C80-4AD9-9E54-80BB9C15B37C}
	EndGlobalSection
EndGlobal
